{
  "name": "swell-tag",
  "version": "0.0.1",
  "lockfileVersion": 3,
  "requires": true,
  "packages": {
    "": {
      "name": "swell-tag",
      "version": "0.0.1",
      "license": "ISC",
      "dependencies": {
        "@duckdb/node-api": "^1.5.5-r.1",
        "exifreader": "^4.41.3"
      }
    },
    "node_modules/@duckdb/node-api": {
      "version": "1.5.5-r.1",
      "resolved": "https://registry.npmjs.org/@duckdb/node-api/-/node-api-1.5.5-r.1.tgz",
      "integrity": "sha512-1eF3lV9PaaWzA4f4Rbd3GTGXt3aOsoU5aOVi8RXcbbx07YuAs4aoICcrFDBdesYX4ZiDfWeqIfxIJHYGIiwfwg==",
      "license": "MIT",
      "dependencies": {
        "@duckdb/node-bindings": "1.5.5-r.1"
      }
    },
    "node_modules/@duckdb/node-bindings": {
      "version": "1.5.5-r.1",
      "resolved": "https://registry.npmjs.org/@duckdb/node-bindings/-/node-bindings-1.5.5-r.1.tgz",
      "integrity": "sha512-5thbXfoBUcB5Wxou6DkXpnKmXTgj0IA6cLY0YFfsLI4VRdZV0gWsMMziXi26qWzgrn7H/HP35czkKVc+jvaT0g==",
      "license": "MIT",
      "dependencies": {
        "detect-libc": "^2.1.2"
      },
      "optionalDependencies": {
        "@duckdb/node-bindings-darwin-arm64": "1.5.5-r.1",
        "@duckdb/node-bindings-darwin-x64": "1.5.5-r.1",
        "@duckdb/node-bindings-linux-arm64": "1.5.5-r.1",
        "@duckdb/node-bindings-linux-arm64-musl": "1.5.5-r.1",
        "@duckdb/node-bindings-linux-x64": "1.5.5-r.1",
        "@duckdb/node-bindings-linux-x64-musl": "1.5.5-r.1",
        "@duckdb/node-bindings-win32-arm64": "1.5.5-r.1",
        "@duckdb/node-bindings-win32-x64": "1.5.5-r.1"
      }
    },
    "node_modules/@duckdb/node-bindings-darwin-arm64": {
      "version": "1.5.5-r.1",
      "resolved": "https://registry.npmjs.org/@duckdb/node-bindings-darwin-arm64/-/node-bindings-darwin-arm64-1.5.5-r.1.tgz",
      "integrity": "sha512-knLjoyxwt1aBpRqxrbIbVdDCI+uMhTe8C+2KVncz4OLgI3KsqgeYIYy8Uee+5dvSSs84BOHMIKLuBhzutBX1bw==",
      "cpu": [
        "arm64"
      ],
      "license": "MIT",
      "optional": true,
      "os": [
        "darwin"
      ]
    },
    "node_modules/@duckdb/node-bindings-darwin-x64": {
      "version": "1.5.5-r.1",
      "resolved": "https://registry.npmjs.org/@duckdb/node-bindings-darwin-x64/-/node-bindings-darwin-x64-1.5.5-r.1.tgz",
      "integrity": "sha512-FOSlP2K15L6xkzqjUlEeJLIhFqahm14zVQ5Lcf953ww1MpE/GNysvIC6DyJWlPI2rL9Oez0sIMpE3Uj6G7oXvw==",
      "cpu": [
        "x64"
      ],
      "license": "MIT",
      "optional": true,
      "os": [
        "darwin"
      ]
    },
    "node_modules/@duckdb/node-bindings-linux-arm64": {
      "version": "1.5.5-r.1",
      "resolved": "https://registry.npmjs.org/@duckdb/node-bindings-linux-arm64/-/node-bindings-linux-arm64-1.5.5-r.1.tgz",
      "integrity": "sha512-ITkwQ/0SvyeOGdGMiMGKGiID8IgwWPLI0DDqcr1DND1QfiwP4OuGYxNHosWaNFS1z7LEbjN18GZtRcwmYCVH/w==",
      "cpu": [
        "arm64"
      ],
      "libc": [
        "glibc"
      ],
      "license": "MIT",
      "optional": true,
      "os": [
        "linux"
      ]
    },
    "node_modules/@duckdb/node-bindings-linux-arm64-musl": {
      "version": "1.5.5-r.1",
      "resolved": "https://registry.npmjs.org/@duckdb/node-bindings-linux-arm64-musl/-/node-bindings-linux-arm64-musl-1.5.5-r.1.tgz",
      "integrity": "sha512-6GwbW28aK9LQNOSn5S/NS79Ak8TXtAFVGLp1+0td2mt5l21ge6smDcjm9IOgi8O+aSZUHEDQhHvCdFYOjAFvSA==",
      "cpu": [
        "arm64"
      ],
      "libc": [
        "musl"
      ],
      "license": "MIT",
      "optional": true,
      "os": [
        "linux"
      ]
    },
    "node_modules/@duckdb/node-bindings-linux-x64": {
      "version": "1.5.5-r.1",
      "resolved": "https://registry.npmjs.org/@duckdb/node-bindings-linux-x64/-/node-bindings-linux-x64-1.5.5-r.1.tgz",
      "integrity": "sha512-zuhH2VduUs1N//Tch+M5Y3RYUd5rNiafnBJpsz0z7eQ/x/8WRDVuMleSRPYdkvHTbllAGc/8ZUjC4FvqScxwoA==",
      "cpu": [
        "x64"
      ],
      "libc": [
        "glibc"
      ],
      "license": "MIT",
      "optional": true,
      "os": [
        "linux"
      ]
    },
    "node_modules/@duckdb/node-bindings-linux-x64-musl": {
      "version": "1.5.5-r.1",
      "resolved": "https://registry.npmjs.org/@duckdb/node-bindings-linux-x64-musl/-/node-bindings-linux-x64-musl-1.5.5-r.1.tgz",
      "integrity": "sha512-NI6wpYx+mzTwfBNGIrEBn04Je/m34SYLLrZy7yAg5U8W+9HZ2N7j2Rem64Bte4Nl7E93385Z22kHpbOExyYFRA==",
      "cpu": [
        "x64"
      ],
      "libc": [
        "musl"
      ],
      "license": "MIT",
      "optional": true,
      "os": [
        "linux"
      ]
    },
    "node_modules/@duckdb/node-bindings-win32-arm64": {
      "version": "1.5.5-r.1",
      "resolved": "https://registry.npmjs.org/@duckdb/node-bindings-win32-arm64/-/node-bindings-win32-arm64-1.5.5-r.1.tgz",
      "integrity": "sha512-+7w5Q24HZEqLMtVn+agNAxtzxo2gmaaBWK3RfwCgsQFfl00lP8D6hNnOJnUnHVObvqdWw3CzTkYsOQKDY8+a/A==",
      "cpu": [
        "arm64"
      ],
      "license": "MIT",
      "optional": true,
      "os": [
        "win32"
      ]
    },
    "node_modules/@duckdb/node-bindings-win32-x64": {
      "version": "1.5.5-r.1",
      "resolved": "https://registry.npmjs.org/@duckdb/node-bindings-win32-x64/-/node-bindings-win32-x64-1.5.5-r.1.tgz",
      "integrity": "sha512-7KAdShoWQz7YXKvUneIu9ujxIVCSSA6pJ5QSZBDkNUCW+7RBLV/aH2Uy3K0Vl04reaFedaS3aewfstX2SQS5XQ==",
      "cpu": [
        "x64"
      ],
      "license": "MIT",
      "optional": true,
      "os": [
        "win32"
      ]
    },
    "node_modules/@xmldom/xmldom": {
      "version": "0.9.10",
      "resolved": "https://registry.npmjs.org/@xmldom/xmldom/-/xmldom-0.9.10.tgz",
      "integrity": "sha512-A9gOqLdi6cV4ibazAjcQufGj0B1y/vDqYrcuP6d/6x8P27gRS8643Dj9o1dEKtB6O7fwxb2FgBmJS2mX7gpvdw==",
      "license": "MIT",
      "optional": true,
      "engines": {
        "node": ">=14.6"
      }
    },
    "node_modules/detect-libc": {
      "version": "2.1.2",
      "resolved": "https://registry.npmjs.org/detect-libc/-/detect-libc-2.1.2.tgz",
      "integrity": "sha512-Btj2BOOO83o3WyH59e8MgXsxEQVcarkUOpEYrubB0urwnN10yQ364rsiByU11nZlqWYZm05i/of7io4mzihBtQ==",
      "license": "Apache-2.0",
      "engines": {
        "node": ">=8"
      }
    },
    "node_modules/exifreader": {
      "version": "4.41.3",
      "resolved": "https://registry.npmjs.org/exifreader/-/exifreader-4.41.3.tgz",
      "integrity": "sha512-bjc9UGw2OOj5Z0FQec5HRzH8A/gzGpWJLj74+Hffp0ri6JnjmXKtPXa3Ok9qwSaBa3zFsqAdXo8cjAwtj0bD+Q==",
      "hasInstallScript": true,
      "license": "MPL-2.0",
      "bin": {
        "exifreader": "bin/cli.js"
      },
      "optionalDependencies": {
        "@xmldom/xmldom": "^0.9.10"
      }
    }
  }
}
